
Microsoft Visual Studio Solution File, Format Version 12.00
Project("{FAE04EC0-301F-11D3-BF4B-00C04F79EFBC}") = "Web", "Web\Web.csproj", "{DA5E67A9-3BDE-4655-9FBF-C87BEAAFBA61}"
EndProject
Global
	GlobalSection(SolutionConfigurationPlatforms) = preSolution
		Debug|Any CPU = Debug|Any CPU
		Release|Any CPU = Release|Any CPU
	EndGlobalSection
	GlobalSection(ProjectConfigurationPlatforms) = postSolution
		{DA5E67A9-3BDE-4655-9FBF-C87BEAAFBA61}.Debug|Any CPU.ActiveCfg = Debug|Any CPU
		{DA5E67A9-3BDE-4655-9FBF-C87BEAAFBA61}.Debug|Any CPU.Build.0 = Debug|Any CPU
		{DA5E67A9-3BDE-4655-9FBF-C87BEAAFBA61}.Release|Any CPU.ActiveCfg = Release|Any CPU
		{DA5E67A9-3BDE-4655-9FBF-C87BEAAFBA61}.Release|Any CPU.Build.0 = Release|Any CPU
	EndGlobalSection
EndGlobal
